
Microsoft Visual Studio Solution File, Format Version 12.00
# Visual Studio 2015
Project("{FAE04EC0-301F-11D3-BF4B-00C04F79EFBC}") = "CleVRMap.CSharp.Plugins", "CleVRMap.CSharp.Plugins.csproj", "{A52BA413-BFA5-B665-0FF7-CC0364AFB1A7}"
EndProject
Project("{FAE04EC0-301F-11D3-BF4B-00C04F79EFBC}") = "CleVRMap.CSharp", "CleVRMap.CSharp.csproj", "{0D3AE716-1809-6D66-DCB6-63DB453DB5F3}"
EndProject
Project("{FAE04EC0-301F-11D3-BF4B-00C04F79EFBC}") = "CleVRMap.CSharp.Editor", "CleVRMap.CSharp.Editor.csproj", "{30F24CA4-5E5A-56C2-D0E8-459EFAEB1567}"
EndProject
Global
	GlobalSection(SolutionConfigurationPlatforms) = preSolution
		Debug|Any CPU = Debug|Any CPU
		Release|Any CPU = Release|Any CPU
	EndGlobalSection
	GlobalSection(ProjectConfigurationPlatforms) = postSolution
		{A52BA413-BFA5-B665-0FF7-CC0364AFB1A7}.Debug|Any CPU.ActiveCfg = Debug|Any CPU
		{A52BA413-BFA5-B665-0FF7-CC0364AFB1A7}.Debug|Any CPU.Build.0 = Debug|Any CPU
		{A52BA413-BFA5-B665-0FF7-CC0364AFB1A7}.Release|Any CPU.ActiveCfg = Release|Any CPU
		{A52BA413-BFA5-B665-0FF7-CC0364AFB1A7}.Release|Any CPU.Build.0 = Release|Any CPU
		{0D3AE716-1809-6D66-DCB6-63DB453DB5F3}.Debug|Any CPU.ActiveCfg = Debug|Any CPU
		{0D3AE716-1809-6D66-DCB6-63DB453DB5F3}.Debug|Any CPU.Build.0 = Debug|Any CPU
		{0D3AE716-1809-6D66-DCB6-63DB453DB5F3}.Release|Any CPU.ActiveCfg = Release|Any CPU
		{0D3AE716-1809-6D66-DCB6-63DB453DB5F3}.Release|Any CPU.Build.0 = Release|Any CPU
		{30F24CA4-5E5A-56C2-D0E8-459EFAEB1567}.Debug|Any CPU.ActiveCfg = Debug|Any CPU
		{30F24CA4-5E5A-56C2-D0E8-459EFAEB1567}.Debug|Any CPU.Build.0 = Debug|Any CPU
		{30F24CA4-5E5A-56C2-D0E8-459EFAEB1567}.Release|Any CPU.ActiveCfg = Release|Any CPU
		{30F24CA4-5E5A-56C2-D0E8-459EFAEB1567}.Release|Any CPU.Build.0 = Release|Any CPU
	EndGlobalSection
	GlobalSection(SolutionProperties) = preSolution
		HideSolutionNode = FALSE
	EndGlobalSection
EndGlobal
