
Microsoft Visual Studio Solution File, Format Version 12.00
# Visual Studio 2013
VisualStudioVersion = 12.0.40629.0
MinimumVisualStudioVersion = 10.0.40219.1
Project("{FAE04EC0-301F-11D3-BF4B-00C04F79EFBC}") = "Visualizer", "Visualizer\Visualizer.csproj", "{B7071D57-0A3F-49EB-B2AF-BCBA1EDDF641}"
EndProject
Project("{FAE04EC0-301F-11D3-BF4B-00C04F79EFBC}") = "VisualizerUnitTest", "VisualizerUnitTest\VisualizerUnitTest.csproj", "{4D8E6BA7-9334-475F-8580-684185470D6D}"
EndProject
Project("{FAE04EC0-301F-11D3-BF4B-00C04F79EFBC}") = "MVVM", "MVVM\MVVM.csproj", "{21159742-18B9-4381-A182-F70C3BC084A2}"
EndProject
Global
	GlobalSection(SolutionConfigurationPlatforms) = preSolution
		Debug|Any CPU = Debug|Any CPU
		Release|Any CPU = Release|Any CPU
	EndGlobalSection
	GlobalSection(ProjectConfigurationPlatforms) = postSolution
		{B7071D57-0A3F-49EB-B2AF-BCBA1EDDF641}.Debug|Any CPU.ActiveCfg = Debug|Any CPU
		{B7071D57-0A3F-49EB-B2AF-BCBA1EDDF641}.Debug|Any CPU.Build.0 = Debug|Any CPU
		{B7071D57-0A3F-49EB-B2AF-BCBA1EDDF641}.Release|Any CPU.ActiveCfg = Release|Any CPU
		{B7071D57-0A3F-49EB-B2AF-BCBA1EDDF641}.Release|Any CPU.Build.0 = Release|Any CPU
		{4D8E6BA7-9334-475F-8580-684185470D6D}.Debug|Any CPU.ActiveCfg = Debug|Any CPU
		{4D8E6BA7-9334-475F-8580-684185470D6D}.Debug|Any CPU.Build.0 = Debug|Any CPU
		{4D8E6BA7-9334-475F-8580-684185470D6D}.Release|Any CPU.ActiveCfg = Release|Any CPU
		{4D8E6BA7-9334-475F-8580-684185470D6D}.Release|Any CPU.Build.0 = Release|Any CPU
		{21159742-18B9-4381-A182-F70C3BC084A2}.Debug|Any CPU.ActiveCfg = Debug|Any CPU
		{21159742-18B9-4381-A182-F70C3BC084A2}.Debug|Any CPU.Build.0 = Debug|Any CPU
		{21159742-18B9-4381-A182-F70C3BC084A2}.Release|Any CPU.ActiveCfg = Release|Any CPU
		{21159742-18B9-4381-A182-F70C3BC084A2}.Release|Any CPU.Build.0 = Release|Any CPU
	EndGlobalSection
	GlobalSection(SolutionProperties) = preSolution
		HideSolutionNode = FALSE
	EndGlobalSection
EndGlobal
